// !$*UTF8*$!
{
	archiveVersion = 1;
	classes = {
	};
	objectVersion = 56;
	objects = {

/* Begin PBXBuildFile section */
		2004A20D29CFE65A00008069 /* AppDelegate.swift in Sources */ = {isa = PBXBuildFile; fileRef = 2004A20C29CFE65A00008069 /* AppDelegate.swift */; };
		2004A21629CFE65B00008069 /* Assets.xcassets in Resources */ = {isa = PBXBuildFile; fileRef = 2004A21529CFE65B00008069 /* Assets.xcassets */; };
		2004A21929CFE65B00008069 /* LaunchScreen.storyboard in Resources */ = {isa = PBXBuildFile; fileRef = 2004A21729CFE65B00008069 /* LaunchScreen.storyboard */; };
		2004A22829CFE73F00008069 /* HomeController.swift in Sources */ = {isa = PBXBuildFile; fileRef = 2004A22729CFE73F00008069 /* HomeController.swift */; };
		20224FB029DF47B1006BF9AB /* UIColor+Utils.swift in Sources */ = {isa = PBXBuildFile; fileRef = 20224FAF29DF47B1006BF9AB /* UIColor+Utils.swift */; };
		20224FB229DF6D03006BF9AB /* ProfileController.swift in Sources */ = {isa = PBXBuildFile; fileRef = 20224FB129DF6D03006BF9AB /* ProfileController.swift */; };
		20224FB429DF720D006BF9AB /* ProfileCell.swift in Sources */ = {isa = PBXBuildFile; fileRef = 20224FB329DF720D006BF9AB /* ProfileCell.swift */; };
		20224FB629DF86DB006BF9AB /* ProfileViewModel.swift in Sources */ = {isa = PBXBuildFile; fileRef = 20224FB529DF86DB006BF9AB /* ProfileViewModel.swift */; };
		20224FB829DF8E55006BF9AB /* SegmentedBarView.swift in Sources */ = {isa = PBXBuildFile; fileRef = 20224FB729DF8E55006BF9AB /* SegmentedBarView.swift */; };
		2041154A29DE3E9300B2246B /* SettingsFooter.swift in Sources */ = {isa = PBXBuildFile; fileRef = 2041154929DE3E9300B2246B /* SettingsFooter.swift */; };
		2041D1F129D32433002828F4 /* Extensions.swift in Sources */ = {isa = PBXBuildFile; fileRef = 2041D1F029D32433002828F4 /* Extensions.swift */; };
		2041D1F329D324BB002828F4 /* HomeNavigationStackView.swift in Sources */ = {isa = PBXBuildFile; fileRef = 2041D1F229D324BB002828F4 /* HomeNavigationStackView.swift */; };
		2041D1F529D33797002828F4 /* BottomControlsStackView.swift in Sources */ = {isa = PBXBuildFile; fileRef = 2041D1F429D33797002828F4 /* BottomControlsStackView.swift */; };
		2041D1F729D340E1002828F4 /* CardView.swift in Sources */ = {isa = PBXBuildFile; fileRef = 2041D1F629D340E1002828F4 /* CardView.swift */; };
		20498E9129D7BC15006E739F /* SettingsController.swift in Sources */ = {isa = PBXBuildFile; fileRef = 20498E9029D7BC15006E739F /* SettingsController.swift */; };
		204EAE3229D48922000E545D /* User.swift in Sources */ = {isa = PBXBuildFile; fileRef = 204EAE3129D48922000E545D /* User.swift */; };
		204EAE3429D48A17000E545D /* CardViewModel.swift in Sources */ = {isa = PBXBuildFile; fileRef = 204EAE3329D48A17000E545D /* CardViewModel.swift */; };
		204EAE3729D4C1BA000E545D /* LoginController.swift in Sources */ = {isa = PBXBuildFile; fileRef = 204EAE3629D4C1BA000E545D /* LoginController.swift */; };
		204EAE3929D4C1C3000E545D /* RegistrationController.swift in Sources */ = {isa = PBXBuildFile; fileRef = 204EAE3829D4C1C3000E545D /* RegistrationController.swift */; };
		204EAE3B29D4CA83000E545D /* UITextField+Utils.swift in Sources */ = {isa = PBXBuildFile; fileRef = 204EAE3A29D4CA83000E545D /* UITextField+Utils.swift */; };
		204EAE3D29D4CC9C000E545D /* CustomTextField.swift in Sources */ = {isa = PBXBuildFile; fileRef = 204EAE3C29D4CC9C000E545D /* CustomTextField.swift */; };
		204EAE3F29D4DD4C000E545D /* AuthButton.swift in Sources */ = {isa = PBXBuildFile; fileRef = 204EAE3E29D4DD4C000E545D /* AuthButton.swift */; };
		204EAE4329D4F8DC000E545D /* UIViewController+Utils.swift in Sources */ = {isa = PBXBuildFile; fileRef = 204EAE4229D4F8DC000E545D /* UIViewController+Utils.swift */; };
		204EAE4529D4FE41000E545D /* CustomButton.swift in Sources */ = {isa = PBXBuildFile; fileRef = 204EAE4429D4FE41000E545D /* CustomButton.swift */; };
		206FEDBE29D2677D00C12B82 /* SceneDelegate.swift in Sources */ = {isa = PBXBuildFile; fileRef = 206FEDBD29D2677D00C12B82 /* SceneDelegate.swift */; };
		2075764B29D87D750013D9C6 /* SettingsHeader.swift in Sources */ = {isa = PBXBuildFile; fileRef = 2075764A29D87D750013D9C6 /* SettingsHeader.swift */; };
		2075764D29D892D30013D9C6 /* SettingsCell.swift in Sources */ = {isa = PBXBuildFile; fileRef = 2075764C29D892D30013D9C6 /* SettingsCell.swift */; };
		2075764F29D8947E0013D9C6 /* SettingsViewModel.swift in Sources */ = {isa = PBXBuildFile; fileRef = 2075764E29D8947E0013D9C6 /* SettingsViewModel.swift */; };
		20879EC129E47AE8004790A9 /* Collection+Utils.swift in Sources */ = {isa = PBXBuildFile; fileRef = 20879EC029E47AE8004790A9 /* Collection+Utils.swift */; };
		20879EC329E4A5CD004790A9 /* MatchView.swift in Sources */ = {isa = PBXBuildFile; fileRef = 20879EC229E4A5CD004790A9 /* MatchView.swift */; };
		20879EC529E4C405004790A9 /* SendMessageButton.swift in Sources */ = {isa = PBXBuildFile; fileRef = 20879EC429E4C405004790A9 /* SendMessageButton.swift */; };
		20879EC729E4C40D004790A9 /* KeepSwipingButton.swift in Sources */ = {isa = PBXBuildFile; fileRef = 20879EC629E4C40D004790A9 /* KeepSwipingButton.swift */; };
		20879EC929E4F3A4004790A9 /* MatchViewViewModel.swift in Sources */ = {isa = PBXBuildFile; fileRef = 20879EC829E4F3A4004790A9 /* MatchViewViewModel.swift */; };
		20A8A80A29D5DDF50074B8CF /* AuthenticationViewModel.swift in Sources */ = {isa = PBXBuildFile; fileRef = 20A8A80929D5DDF50074B8CF /* AuthenticationViewModel.swift */; };
		20A8A80C29D5EEEC0074B8CF /* GoogleService-Info.plist in Resources */ = {isa = PBXBuildFile; fileRef = 20A8A80B29D5EEEC0074B8CF /* GoogleService-Info.plist */; };
		20A8A80F29D5F0480074B8CF /* FirebaseAuth in Frameworks */ = {isa = PBXBuildFile; productRef = 20A8A80E29D5F0480074B8CF /* FirebaseAuth */; };
		20A8A81129D5F0480074B8CF /* FirebaseFirestore in Frameworks */ = {isa = PBXBuildFile; productRef = 20A8A81029D5F0480074B8CF /* FirebaseFirestore */; };
		20A8A81329D5F0480074B8CF /* FirebaseStorage in Frameworks */ = {isa = PBXBuildFile; productRef = 20A8A81229D5F0480074B8CF /* FirebaseStorage */; };
		20A8A81629D5F1E40074B8CF /* SDWebImage in Frameworks */ = {isa = PBXBuildFile; productRef = 20A8A81529D5F1E40074B8CF /* SDWebImage */; };
		20A8A81929D5F26B0074B8CF /* JGProgressHUD in Frameworks */ = {isa = PBXBuildFile; productRef = 20A8A81829D5F26B0074B8CF /* JGProgressHUD */; };
		20A8A81B29D60A200074B8CF /* AuthService.swift in Sources */ = {isa = PBXBuildFile; fileRef = 20A8A81A29D60A200074B8CF /* AuthService.swift */; };
		20A8A81D29D60A290074B8CF /* Service.swift in Sources */ = {isa = PBXBuildFile; fileRef = 20A8A81C29D60A290074B8CF /* Service.swift */; };
		20CB72B829D7309700646525 /* Constants.swift in Sources */ = {isa = PBXBuildFile; fileRef = 20CB72B729D7309700646525 /* Constants.swift */; };
		20EE5DF929E0E5690070B146 /* AuthenticationDelegate.swift in Sources */ = {isa = PBXBuildFile; fileRef = 20EE5DF829E0E5690070B146 /* AuthenticationDelegate.swift */; };
/* End PBXBuildFile section */

/* Begin PBXFileReference section */
		2004A20929CFE65A00008069 /* TinderClone.app */ = {isa = PBXFileReference; explicitFileType = wrapper.application; includeInIndex = 0; path = TinderClone.app; sourceTree = BUILT_PRODUCTS_DIR; };
		2004A20C29CFE65A00008069 /* AppDelegate.swift */ = {isa = PBXFileReference; lastKnownFileType = sourcecode.swift; path = AppDelegate.swift; sourceTree = "<group>"; };
		2004A21529CFE65B00008069 /* Assets.xcassets */ = {isa = PBXFileReference; lastKnownFileType = folder.assetcatalog; path = Assets.xcassets; sourceTree = "<group>"; };
		2004A21829CFE65B00008069 /* Base */ = {isa = PBXFileReference; lastKnownFileType = file.storyboard; name = Base; path = Base.lproj/LaunchScreen.storyboard; sourceTree = "<group>"; };
		2004A22729CFE73F00008069 /* HomeController.swift */ = {isa = PBXFileReference; lastKnownFileType = sourcecode.swift; path = HomeController.swift; sourceTree = "<group>"; };
		20224FAF29DF47B1006BF9AB /* UIColor+Utils.swift */ = {isa = PBXFileReference; lastKnownFileType = sourcecode.swift; path = "UIColor+Utils.swift"; sourceTree = "<group>"; };
		20224FB129DF6D03006BF9AB /* ProfileController.swift */ = {isa = PBXFileReference; lastKnownFileType = sourcecode.swift; path = ProfileController.swift; sourceTree = "<group>"; };
		20224FB329DF720D006BF9AB /* ProfileCell.swift */ = {isa = PBXFileReference; lastKnownFileType = sourcecode.swift; path = ProfileCell.swift; sourceTree = "<group>"; };
		20224FB529DF86DB006BF9AB /* ProfileViewModel.swift */ = {isa = PBXFileReference; lastKnownFileType = sourcecode.swift; path = ProfileViewModel.swift; sourceTree = "<group>"; };
		20224FB729DF8E55006BF9AB /* SegmentedBarView.swift */ = {isa = PBXFileReference; lastKnownFileType = sourcecode.swift; path = SegmentedBarView.swift; sourceTree = "<group>"; };
		2041154929DE3E9300B2246B /* SettingsFooter.swift */ = {isa = PBXFileReference; lastKnownFileType = sourcecode.swift; path = SettingsFooter.swift; sourceTree = "<group>"; };
		2041D1F029D32433002828F4 /* Extensions.swift */ = {isa = PBXFileReference; lastKnownFileType = sourcecode.swift; path = Extensions.swift; sourceTree = "<group>"; };
		2041D1F229D324BB002828F4 /* HomeNavigationStackView.swift */ = {isa = PBXFileReference; lastKnownFileType = sourcecode.swift; path = HomeNavigationStackView.swift; sourceTree = "<group>"; };
		2041D1F429D33797002828F4 /* BottomControlsStackView.swift */ = {isa = PBXFileReference; lastKnownFileType = sourcecode.swift; path = BottomControlsStackView.swift; sourceTree = "<group>"; };
		2041D1F629D340E1002828F4 /* CardView.swift */ = {isa = PBXFileReference; lastKnownFileType = sourcecode.swift; path = CardView.swift; sourceTree = "<group>"; };
		20498E9029D7BC15006E739F /* SettingsController.swift */ = {isa = PBXFileReference; lastKnownFileType = sourcecode.swift; path = SettingsController.swift; sourceTree = "<group>"; };
		204EAE3129D48922000E545D /* User.swift */ = {isa = PBXFileReference; lastKnownFileType = sourcecode.swift; path = User.swift; sourceTree = "<group>"; };
		204EAE3329D48A17000E545D /* CardViewModel.swift */ = {isa = PBXFileReference; lastKnownFileType = sourcecode.swift; path = CardViewModel.swift; sourceTree = "<group>"; };
		204EAE3629D4C1BA000E545D /* LoginController.swift */ = {isa = PBXFileReference; lastKnownFileType = sourcecode.swift; path = LoginController.swift; sourceTree = "<group>"; };
		204EAE3829D4C1C3000E545D /* RegistrationController.swift */ = {isa = PBXFileReference; lastKnownFileType = sourcecode.swift; path = RegistrationController.swift; sourceTree = "<group>"; };
		204EAE3A29D4CA83000E545D /* UITextField+Utils.swift */ = {isa = PBXFileReference; lastKnownFileType = sourcecode.swift; path = "UITextField+Utils.swift"; sourceTree = "<group>"; };
		204EAE3C29D4CC9C000E545D /* CustomTextField.swift */ = {isa = PBXFileReference; lastKnownFileType = sourcecode.swift; path = CustomTextField.swift; sourceTree = "<group>"; };
		204EAE3E29D4DD4C000E545D /* AuthButton.swift */ = {isa = PBXFileReference; lastKnownFileType = sourcecode.swift; path = AuthButton.swift; sourceTree = "<group>"; };
		204EAE4229D4F8DC000E545D /* UIViewController+Utils.swift */ = {isa = PBXFileReference; lastKnownFileType = sourcecode.swift; path = "UIViewController+Utils.swift"; sourceTree = "<group>"; };
		204EAE4429D4FE41000E545D /* CustomButton.swift */ = {isa = PBXFileReference; lastKnownFileType = sourcecode.swift; path = CustomButton.swift; sourceTree = "<group>"; };
		2056F92B29D2788900AF978C /* Info.plist */ = {isa = PBXFileReference; fileEncoding = 4; lastKnownFileType = text.plist.xml; path = Info.plist; sourceTree = "<group>"; };
		206FEDBD29D2677D00C12B82 /* SceneDelegate.swift */ = {isa = PBXFileReference; lastKnownFileType = sourcecode.swift; path = SceneDelegate.swift; sourceTree = "<group>"; };
		2075764A29D87D750013D9C6 /* SettingsHeader.swift */ = {isa = PBXFileReference; lastKnownFileType = sourcecode.swift; path = SettingsHeader.swift; sourceTree = "<group>"; };
		2075764C29D892D30013D9C6 /* SettingsCell.swift */ = {isa = PBXFileReference; lastKnownFileType = sourcecode.swift; path = SettingsCell.swift; sourceTree = "<group>"; };
		2075764E29D8947E0013D9C6 /* SettingsViewModel.swift */ = {isa = PBXFileReference; lastKnownFileType = sourcecode.swift; path = SettingsViewModel.swift; sourceTree = "<group>"; };
		20879EC029E47AE8004790A9 /* Collection+Utils.swift */ = {isa = PBXFileReference; lastKnownFileType = sourcecode.swift; path = "Collection+Utils.swift"; sourceTree = "<group>"; };
		20879EC229E4A5CD004790A9 /* MatchView.swift */ = {isa = PBXFileReference; lastKnownFileType = sourcecode.swift; path = MatchView.swift; sourceTree = "<group>"; };
		20879EC429E4C405004790A9 /* SendMessageButton.swift */ = {isa = PBXFileReference; lastKnownFileType = sourcecode.swift; path = SendMessageButton.swift; sourceTree = "<group>"; };
		20879EC629E4C40D004790A9 /* KeepSwipingButton.swift */ = {isa = PBXFileReference; lastKnownFileType = sourcecode.swift; path = KeepSwipingButton.swift; sourceTree = "<group>"; };
		20879EC829E4F3A4004790A9 /* MatchViewViewModel.swift */ = {isa = PBXFileReference; lastKnownFileType = sourcecode.swift; path = MatchViewViewModel.swift; sourceTree = "<group>"; };
		20A8A80929D5DDF50074B8CF /* AuthenticationViewModel.swift */ = {isa = PBXFileReference; lastKnownFileType = sourcecode.swift; path = AuthenticationViewModel.swift; sourceTree = "<group>"; };
		20A8A80B29D5EEEC0074B8CF /* GoogleService-Info.plist */ = {isa = PBXFileReference; lastKnownFileType = text.plist; path = "GoogleService-Info.plist"; sourceTree = SOURCE_ROOT; };
		20A8A81A29D60A200074B8CF /* AuthService.swift */ = {isa = PBXFileReference; lastKnownFileType = sourcecode.swift; path = AuthService.swift; sourceTree = "<group>"; };
		20A8A81C29D60A290074B8CF /* Service.swift */ = {isa = PBXFileReference; lastKnownFileType = sourcecode.swift; path = Service.swift; sourceTree = "<group>"; };
		20C9CFA029CFE86500BF6446 /* README.md */ = {isa = PBXFileReference; lastKnownFileType = net.daringfireball.markdown; path = README.md; sourceTree = "<group>"; };
		20CB72B729D7309700646525 /* Constants.swift */ = {isa = PBXFileReference; lastKnownFileType = sourcecode.swift; path = Constants.swift; sourceTree = "<group>"; };
		20EE5DF829E0E5690070B146 /* AuthenticationDelegate.swift */ = {isa = PBXFileReference; lastKnownFileType = sourcecode.swift; path = AuthenticationDelegate.swift; sourceTree = "<group>"; };
/* End PBXFileReference section */

/* Begin PBXFrameworksBuildPhase section */
		2004A20629CFE65A00008069 /* Frameworks */ = {
			isa = PBXFrameworksBuildPhase;
			buildActionMask = 2147483647;
			files = (
				20A8A80F29D5F0480074B8CF /* FirebaseAuth in Frameworks */,
				20A8A81129D5F0480074B8CF /* FirebaseFirestore in Frameworks */,
				20A8A81629D5F1E40074B8CF /* SDWebImage in Frameworks */,
				20A8A81329D5F0480074B8CF /* FirebaseStorage in Frameworks */,
				20A8A81929D5F26B0074B8CF /* JGProgressHUD in Frameworks */,
			);
			runOnlyForDeploymentPostprocessing = 0;
		};
/* End PBXFrameworksBuildPhase section */

/* Begin PBXGroup section */
		2004A20029CFE65A00008069 = {
			isa = PBXGroup;
			children = (
				20C9CFA029CFE86500BF6446 /* README.md */,
				2004A20B29CFE65A00008069 /* TinderClone */,
				2004A20A29CFE65A00008069 /* Products */,
			);
			sourceTree = "<group>";
		};
		2004A20A29CFE65A00008069 /* Products */ = {
			isa = PBXGroup;
			children = (
				2004A20929CFE65A00008069 /* TinderClone.app */,
			);
			name = Products;
			sourceTree = "<group>";
		};
		2004A20B29CFE65A00008069 /* TinderClone */ = {
			isa = PBXGroup;
			children = (
				2004A22529CFE69600008069 /* Model */,
				2004A22629CFE6A200008069 /* View */,
				2004A22429CFE69100008069 /* ViewModel */,
				2004A22329CFE68E00008069 /* Controller */,
				2004A22129CFE68000008069 /* API */,
				2004A22029CFE67500008069 /* Utils */,
				2004A20C29CFE65A00008069 /* AppDelegate.swift */,
				206FEDBD29D2677D00C12B82 /* SceneDelegate.swift */,
				2004A21529CFE65B00008069 /* Assets.xcassets */,
				2004A21729CFE65B00008069 /* LaunchScreen.storyboard */,
				20A8A80B29D5EEEC0074B8CF /* GoogleService-Info.plist */,
				2056F92B29D2788900AF978C /* Info.plist */,
			);
			path = TinderClone;
			sourceTree = "<group>";
		};
		2004A22029CFE67500008069 /* Utils */ = {
			isa = PBXGroup;
			children = (
				2041D1F029D32433002828F4 /* Extensions.swift */,
				204EAE3C29D4CC9C000E545D /* CustomTextField.swift */,
				204EAE3A29D4CA83000E545D /* UITextField+Utils.swift */,
				204EAE3E29D4DD4C000E545D /* AuthButton.swift */,
				204EAE4229D4F8DC000E545D /* UIViewController+Utils.swift */,
				204EAE4429D4FE41000E545D /* CustomButton.swift */,
				20CB72B729D7309700646525 /* Constants.swift */,
				20224FAF29DF47B1006BF9AB /* UIColor+Utils.swift */,
				20879EC029E47AE8004790A9 /* Collection+Utils.swift */,
			);
			path = Utils;
			sourceTree = "<group>";
		};
		2004A22129CFE68000008069 /* API */ = {
			isa = PBXGroup;
			children = (
				20A8A81A29D60A200074B8CF /* AuthService.swift */,
				20A8A81C29D60A290074B8CF /* Service.swift */,
			);
			path = API;
			sourceTree = "<group>";
		};
		2004A22329CFE68E00008069 /* Controller */ = {
			isa = PBXGroup;
			children = (
				204EAE3529D4C1AC000E545D /* Authentication */,
				2004A22729CFE73F00008069 /* HomeController.swift */,
				20498E9029D7BC15006E739F /* SettingsController.swift */,
				20224FB129DF6D03006BF9AB /* ProfileController.swift */,
			);
			path = Controller;
			sourceTree = "<group>";
		};
		2004A22429CFE69100008069 /* ViewModel */ = {
			isa = PBXGroup;
			children = (
				204EAE3329D48A17000E545D /* CardViewModel.swift */,
				20A8A80929D5DDF50074B8CF /* AuthenticationViewModel.swift */,
				2075764E29D8947E0013D9C6 /* SettingsViewModel.swift */,
				20224FB529DF86DB006BF9AB /* ProfileViewModel.swift */,
				20879EC829E4F3A4004790A9 /* MatchViewViewModel.swift */,
			);
			path = ViewModel;
			sourceTree = "<group>";
		};
		2004A22529CFE69600008069 /* Model */ = {
			isa = PBXGroup;
			children = (
				204EAE3129D48922000E545D /* User.swift */,
			);
			path = Model;
			sourceTree = "<group>";
		};
		2004A22629CFE6A200008069 /* View */ = {
			isa = PBXGroup;
			children = (
				2041154B29DE3E9B00B2246B /* Settings */,
				2041D1F229D324BB002828F4 /* HomeNavigationStackView.swift */,
				2041D1F429D33797002828F4 /* BottomControlsStackView.swift */,
				2041D1F629D340E1002828F4 /* CardView.swift */,
				20224FB329DF720D006BF9AB /* ProfileCell.swift */,
				20224FB729DF8E55006BF9AB /* SegmentedBarView.swift */,
				20879EC229E4A5CD004790A9 /* MatchView.swift */,
				20879EC429E4C405004790A9 /* SendMessageButton.swift */,
				20879EC629E4C40D004790A9 /* KeepSwipingButton.swift */,
			);
			path = View;
			sourceTree = "<group>";
		};
		2041154B29DE3E9B00B2246B /* Settings */ = {
			isa = PBXGroup;
			children = (
				2075764A29D87D750013D9C6 /* SettingsHeader.swift */,
				2075764C29D892D30013D9C6 /* SettingsCell.swift */,
				2041154929DE3E9300B2246B /* SettingsFooter.swift */,
			);
			path = Settings;
			sourceTree = "<group>";
		};
		204EAE3529D4C1AC000E545D /* Authentication */ = {
			isa = PBXGroup;
			children = (
				204EAE3629D4C1BA000E545D /* LoginController.swift */,
				204EAE3829D4C1C3000E545D /* RegistrationController.swift */,
				20EE5DF829E0E5690070B146 /* AuthenticationDelegate.swift */,
			);
			path = Authentication;
			sourceTree = "<group>";
		};
/* End PBXGroup section */

/* Begin PBXNativeTarget section */
		2004A20829CFE65A00008069 /* TinderClone */ = {
			isa = PBXNativeTarget;
			buildConfigurationList = 2004A21D29CFE65B00008069 /* Build configuration list for PBXNativeTarget "TinderClone" */;
			buildPhases = (
				2004A20529CFE65A00008069 /* Sources */,
				2004A20629CFE65A00008069 /* Frameworks */,
				2004A20729CFE65A00008069 /* Resources */,
			);
			buildRules = (
			);
			dependencies = (
			);
			name = TinderClone;
			packageProductDependencies = (
				20A8A80E29D5F0480074B8CF /* FirebaseAuth */,
				20A8A81029D5F0480074B8CF /* FirebaseFirestore */,
				20A8A81229D5F0480074B8CF /* FirebaseStorage */,
				20A8A81529D5F1E40074B8CF /* SDWebImage */,
				20A8A81829D5F26B0074B8CF /* JGProgressHUD */,
			);
			productName = TinderClone;
			productReference = 2004A20929CFE65A00008069 /* TinderClone.app */;
			productType = "com.apple.product-type.application";
		};
/* End PBXNativeTarget section */

/* Begin PBXProject section */
		2004A20129CFE65A00008069 /* Project object */ = {
			isa = PBXProject;
			attributes = {
				BuildIndependentTargetsInParallel = 1;
				LastSwiftUpdateCheck = 1420;
				LastUpgradeCheck = 1420;
				TargetAttributes = {
					2004A20829CFE65A00008069 = {
						CreatedOnToolsVersion = 14.2;
					};
				};
			};
			buildConfigurationList = 2004A20429CFE65A00008069 /* Build configuration list for PBXProject "TinderClone" */;
			compatibilityVersion = "Xcode 14.0";
			developmentRegion = en;
			hasScannedForEncodings = 0;
			knownRegions = (
				en,
				Base,
			);
			mainGroup = 2004A20029CFE65A00008069;
			packageReferences = (
				20A8A80D29D5F0480074B8CF /* XCRemoteSwiftPackageReference "firebase-ios-sdk" */,
				20A8A81429D5F1E40074B8CF /* XCRemoteSwiftPackageReference "SDWebImage" */,
				20A8A81729D5F26B0074B8CF /* XCRemoteSwiftPackageReference "JGProgressHUD" */,
			);
			productRefGroup = 2004A20A29CFE65A00008069 /* Products */;
			projectDirPath = "";
			projectRoot = "";
			targets = (
				2004A20829CFE65A00008069 /* TinderClone */,
			);
		};
/* End PBXProject section */

/* Begin PBXResourcesBuildPhase section */
		2004A20729CFE65A00008069 /* Resources */ = {
			isa = PBXResourcesBuildPhase;
			buildActionMask = 2147483647;
			files = (
				2004A21929CFE65B00008069 /* LaunchScreen.storyboard in Resources */,
				2004A21629CFE65B00008069 /* Assets.xcassets in Resources */,
				20A8A80C29D5EEEC0074B8CF /* GoogleService-Info.plist in Resources */,
			);
			runOnlyForDeploymentPostprocessing = 0;
		};
/* End PBXResourcesBuildPhase section */

/* Begin PBXSourcesBuildPhase section */
		2004A20529CFE65A00008069 /* Sources */ = {
			isa = PBXSourcesBuildPhase;
			buildActionMask = 2147483647;
			files = (
				2075764D29D892D30013D9C6 /* SettingsCell.swift in Sources */,
				204EAE3D29D4CC9C000E545D /* CustomTextField.swift in Sources */,
				20224FB629DF86DB006BF9AB /* ProfileViewModel.swift in Sources */,
				204EAE3F29D4DD4C000E545D /* AuthButton.swift in Sources */,
				20A8A80A29D5DDF50074B8CF /* AuthenticationViewModel.swift in Sources */,
				20498E9129D7BC15006E739F /* SettingsController.swift in Sources */,
				2041154A29DE3E9300B2246B /* SettingsFooter.swift in Sources */,
				20A8A81B29D60A200074B8CF /* AuthService.swift in Sources */,
				2041D1F729D340E1002828F4 /* CardView.swift in Sources */,
				20224FB829DF8E55006BF9AB /* SegmentedBarView.swift in Sources */,
				20879EC329E4A5CD004790A9 /* MatchView.swift in Sources */,
				204EAE3B29D4CA83000E545D /* UITextField+Utils.swift in Sources */,
				204EAE4529D4FE41000E545D /* CustomButton.swift in Sources */,
				2041D1F529D33797002828F4 /* BottomControlsStackView.swift in Sources */,
				20224FB029DF47B1006BF9AB /* UIColor+Utils.swift in Sources */,
				2075764B29D87D750013D9C6 /* SettingsHeader.swift in Sources */,
				20224FB429DF720D006BF9AB /* ProfileCell.swift in Sources */,
				20879EC529E4C405004790A9 /* SendMessageButton.swift in Sources */,
				2004A20D29CFE65A00008069 /* AppDelegate.swift in Sources */,
				20879EC929E4F3A4004790A9 /* MatchViewViewModel.swift in Sources */,
				20224FB229DF6D03006BF9AB /* ProfileController.swift in Sources */,
				2004A22829CFE73F00008069 /* HomeController.swift in Sources */,
				20A8A81D29D60A290074B8CF /* Service.swift in Sources */,
				204EAE3229D48922000E545D /* User.swift in Sources */,
				2041D1F329D324BB002828F4 /* HomeNavigationStackView.swift in Sources */,
				204EAE3929D4C1C3000E545D /* RegistrationController.swift in Sources */,
				206FEDBE29D2677D00C12B82 /* SceneDelegate.swift in Sources */,
				20CB72B829D7309700646525 /* Constants.swift in Sources */,
				20879EC129E47AE8004790A9 /* Collection+Utils.swift in Sources */,
				20EE5DF929E0E5690070B146 /* AuthenticationDelegate.swift in Sources */,
				2041D1F129D32433002828F4 /* Extensions.swift in Sources */,
				204EAE3429D48A17000E545D /* CardViewModel.swift in Sources */,
				204EAE3729D4C1BA000E545D /* LoginController.swift in Sources */,
				204EAE4329D4F8DC000E545D /* UIViewController+Utils.swift in Sources */,
				20879EC729E4C40D004790A9 /* KeepSwipingButton.swift in Sources */,
				2075764F29D8947E0013D9C6 /* SettingsViewModel.swift in Sources */,
			);
			runOnlyForDeploymentPostprocessing = 0;
		};
/* End PBXSourcesBuildPhase section */

/* Begin PBXVariantGroup section */
		2004A21729CFE65B00008069 /* LaunchScreen.storyboard */ = {
			isa = PBXVariantGroup;
			children = (
				2004A21829CFE65B00008069 /* Base */,
			);
			name = LaunchScreen.storyboard;
			sourceTree = "<group>";
		};
/* End PBXVariantGroup section */

/* Begin XCBuildConfiguration section */
		2004A21B29CFE65B00008069 /* Debug */ = {
			isa = XCBuildConfiguration;
			buildSettings = {
				ALWAYS_SEARCH_USER_PATHS = NO;
				CLANG_ANALYZER_NONNULL = YES;
				CLANG_ANALYZER_NUMBER_OBJECT_CONVERSION = YES_AGGRESSIVE;
				CLANG_CXX_LANGUAGE_STANDARD = "gnu++20";
				CLANG_ENABLE_MODULES = YES;
				CLANG_ENABLE_OBJC_ARC = YES;
				CLANG_ENABLE_OBJC_WEAK = YES;
				CLANG_WARN_BLOCK_CAPTURE_AUTORELEASING = YES;
				CLANG_WARN_BOOL_CONVERSION = YES;
				CLANG_WARN_COMMA = YES;
				CLANG_WARN_CONSTANT_CONVERSION = YES;
				CLANG_WARN_DEPRECATED_OBJC_IMPLEMENTATIONS = YES;
				CLANG_WARN_DIRECT_OBJC_ISA_USAGE = YES_ERROR;
				CLANG_WARN_DOCUMENTATION_COMMENTS = YES;
				CLANG_WARN_EMPTY_BODY = YES;
				CLANG_WARN_ENUM_CONVERSION = YES;
				CLANG_WARN_INFINITE_RECURSION = YES;
				CLANG_WARN_INT_CONVERSION = YES;
				CLANG_WARN_NON_LITERAL_NULL_CONVERSION = YES;
				CLANG_WARN_OBJC_IMPLICIT_RETAIN_SELF = YES;
				CLANG_WARN_OBJC_LITERAL_CONVERSION = YES;
				CLANG_WARN_OBJC_ROOT_CLASS = YES_ERROR;
				CLANG_WARN_QUOTED_INCLUDE_IN_FRAMEWORK_HEADER = YES;
				CLANG_WARN_RANGE_LOOP_ANALYSIS = YES;
				CLANG_WARN_STRICT_PROTOTYPES = YES;
				CLANG_WARN_SUSPICIOUS_MOVE = YES;
				CLANG_WARN_UNGUARDED_AVAILABILITY = YES_AGGRESSIVE;
				CLANG_WARN_UNREACHABLE_CODE = YES;
				CLANG_WARN__DUPLICATE_METHOD_MATCH = YES;
				COPY_PHASE_STRIP = NO;
				DEBUG_INFORMATION_FORMAT = dwarf;
				ENABLE_STRICT_OBJC_MSGSEND = YES;
				ENABLE_TESTABILITY = YES;
				GCC_C_LANGUAGE_STANDARD = gnu11;
				GCC_DYNAMIC_NO_PIC = NO;
				GCC_NO_COMMON_BLOCKS = YES;
				GCC_OPTIMIZATION_LEVEL = 0;
				GCC_PREPROCESSOR_DEFINITIONS = (
					"DEBUG=1",
					"$(inherited)",
				);
				GCC_WARN_64_TO_32_BIT_CONVERSION = YES;
				GCC_WARN_ABOUT_RETURN_TYPE = YES_ERROR;
				GCC_WARN_UNDECLARED_SELECTOR = YES;
				GCC_WARN_UNINITIALIZED_AUTOS = YES_AGGRESSIVE;
				GCC_WARN_UNUSED_FUNCTION = YES;
				GCC_WARN_UNUSED_VARIABLE = YES;
				IPHONEOS_DEPLOYMENT_TARGET = 16.2;
				MTL_ENABLE_DEBUG_INFO = INCLUDE_SOURCE;
				MTL_FAST_MATH = YES;
				ONLY_ACTIVE_ARCH = YES;
				SDKROOT = iphoneos;
				SWIFT_ACTIVE_COMPILATION_CONDITIONS = DEBUG;
				SWIFT_OPTIMIZATION_LEVEL = "-Onone";
			};
			name = Debug;
		};
		2004A21C29CFE65B00008069 /* Release */ = {
			isa = XCBuildConfiguration;
			buildSettings = {
				ALWAYS_SEARCH_USER_PATHS = NO;
				CLANG_ANALYZER_NONNULL = YES;
				CLANG_ANALYZER_NUMBER_OBJECT_CONVERSION = YES_AGGRESSIVE;
				CLANG_CXX_LANGUAGE_STANDARD = "gnu++20";
				CLANG_ENABLE_MODULES = YES;
				CLANG_ENABLE_OBJC_ARC = YES;
				CLANG_ENABLE_OBJC_WEAK = YES;
				CLANG_WARN_BLOCK_CAPTURE_AUTORELEASING = YES;
				CLANG_WARN_BOOL_CONVERSION = YES;
				CLANG_WARN_COMMA = YES;
				CLANG_WARN_CONSTANT_CONVERSION = YES;
				CLANG_WARN_DEPRECATED_OBJC_IMPLEMENTATIONS = YES;
				CLANG_WARN_DIRECT_OBJC_ISA_USAGE = YES_ERROR;
				CLANG_WARN_DOCUMENTATION_COMMENTS = YES;
				CLANG_WARN_EMPTY_BODY = YES;
				CLANG_WARN_ENUM_CONVERSION = YES;
				CLANG_WARN_INFINITE_RECURSION = YES;
				CLANG_WARN_INT_CONVERSION = YES;
				CLANG_WARN_NON_LITERAL_NULL_CONVERSION = YES;
				CLANG_WARN_OBJC_IMPLICIT_RETAIN_SELF = YES;
				CLANG_WARN_OBJC_LITERAL_CONVERSION = YES;
				CLANG_WARN_OBJC_ROOT_CLASS = YES_ERROR;
				CLANG_WARN_QUOTED_INCLUDE_IN_FRAMEWORK_HEADER = YES;
				CLANG_WARN_RANGE_LOOP_ANALYSIS = YES;
				CLANG_WARN_STRICT_PROTOTYPES = YES;
				CLANG_WARN_SUSPICIOUS_MOVE = YES;
				CLANG_WARN_UNGUARDED_AVAILABILITY = YES_AGGRESSIVE;
				CLANG_WARN_UNREACHABLE_CODE = YES;
				CLANG_WARN__DUPLICATE_METHOD_MATCH = YES;
				COPY_PHASE_STRIP = NO;
				DEBUG_INFORMATION_FORMAT = "dwarf-with-dsym";
				ENABLE_NS_ASSERTIONS = NO;
				ENABLE_STRICT_OBJC_MSGSEND = YES;
				GCC_C_LANGUAGE_STANDARD = gnu11;
				GCC_NO_COMMON_BLOCKS = YES;
				GCC_WARN_64_TO_32_BIT_CONVERSION = YES;
				GCC_WARN_ABOUT_RETURN_TYPE = YES_ERROR;
				GCC_WARN_UNDECLARED_SELECTOR = YES;
				GCC_WARN_UNINITIALIZED_AUTOS = YES_AGGRESSIVE;
				GCC_WARN_UNUSED_FUNCTION = YES;
				GCC_WARN_UNUSED_VARIABLE = YES;
				IPHONEOS_DEPLOYMENT_TARGET = 16.2;
				MTL_ENABLE_DEBUG_INFO = NO;
				MTL_FAST_MATH = YES;
				SDKROOT = iphoneos;
				SWIFT_COMPILATION_MODE = wholemodule;
				SWIFT_OPTIMIZATION_LEVEL = "-O";
				VALIDATE_PRODUCT = YES;
			};
			name = Release;
		};
		2004A21E29CFE65B00008069 /* Debug */ = {
			isa = XCBuildConfiguration;
			buildSettings = {
				ASSETCATALOG_COMPILER_APPICON_NAME = AppIcon;
				ASSETCATALOG_COMPILER_GLOBAL_ACCENT_COLOR_NAME = AccentColor;
				CODE_SIGN_STYLE = Automatic;
				CURRENT_PROJECT_VERSION = 1;
				DEVELOPMENT_TEAM = DZDWNPN8YP;
				GENERATE_INFOPLIST_FILE = YES;
				INFOPLIST_FILE = TinderClone/Info.plist;
				INFOPLIST_KEY_UIApplicationSupportsIndirectInputEvents = YES;
				INFOPLIST_KEY_UILaunchStoryboardName = LaunchScreen;
				INFOPLIST_KEY_UISupportedInterfaceOrientations = UIInterfaceOrientationPortrait;
				LD_RUNPATH_SEARCH_PATHS = (
					"$(inherited)",
					"@executable_path/Frameworks",
				);
				MARKETING_VERSION = 1.0;
				PRODUCT_BUNDLE_IDENTIFIER = com.eacardenase.TinderClone;
				PRODUCT_NAME = "$(TARGET_NAME)";
				SUPPORTED_PLATFORMS = "iphoneos iphonesimulator";
				SUPPORTS_MACCATALYST = NO;
				SUPPORTS_MAC_DESIGNED_FOR_IPHONE_IPAD = NO;
				SWIFT_EMIT_LOC_STRINGS = YES;
				SWIFT_VERSION = 5.0;
				TARGETED_DEVICE_FAMILY = 1;
			};
			name = Debug;
		};
		2004A21F29CFE65B00008069 /* Release */ = {
			isa = XCBuildConfiguration;
			buildSettings = {
				ASSETCATALOG_COMPILER_APPICON_NAME = AppIcon;
				ASSETCATALOG_COMPILER_GLOBAL_ACCENT_COLOR_NAME = AccentColor;
				CODE_SIGN_STYLE = Automatic;
				CURRENT_PROJECT_VERSION = 1;
				DEVELOPMENT_TEAM = DZDWNPN8YP;
				GENERATE_INFOPLIST_FILE = YES;
				INFOPLIST_FILE = TinderClone/Info.plist;
				INFOPLIST_KEY_UIApplicationSupportsIndirectInputEvents = YES;
				INFOPLIST_KEY_UILaunchStoryboardName = LaunchScreen;
				INFOPLIST_KEY_UISupportedInterfaceOrientations = UIInterfaceOrientationPortrait;
				LD_RUNPATH_SEARCH_PATHS = (
					"$(inherited)",
					"@executable_path/Frameworks",
				);
				MARKETING_VERSION = 1.0;
				PRODUCT_BUNDLE_IDENTIFIER = com.eacardenase.TinderClone;
				PRODUCT_NAME = "$(TARGET_NAME)";
				SUPPORTED_PLATFORMS = "iphoneos iphonesimulator";
				SUPPORTS_MACCATALYST = NO;
				SUPPORTS_MAC_DESIGNED_FOR_IPHONE_IPAD = NO;
				SWIFT_EMIT_LOC_STRINGS = YES;
				SWIFT_VERSION = 5.0;
				TARGETED_DEVICE_FAMILY = 1;
			};
			name = Release;
		};
/* End XCBuildConfiguration section */

/* Begin XCConfigurationList section */
		2004A20429CFE65A00008069 /* Build configuration list for PBXProject "TinderClone" */ = {
			isa = XCConfigurationList;
			buildConfigurations = (
				2004A21B29CFE65B00008069 /* Debug */,
				2004A21C29CFE65B00008069 /* Release */,
			);
			defaultConfigurationIsVisible = 0;
			defaultConfigurationName = Release;
		};
		2004A21D29CFE65B00008069 /* Build configuration list for PBXNativeTarget "TinderClone" */ = {
			isa = XCConfigurationList;
			buildConfigurations = (
				2004A21E29CFE65B00008069 /* Debug */,
				2004A21F29CFE65B00008069 /* Release */,
			);
			defaultConfigurationIsVisible = 0;
			defaultConfigurationName = Release;
		};
/* End XCConfigurationList section */

/* Begin XCRemoteSwiftPackageReference section */
		20A8A80D29D5F0480074B8CF /* XCRemoteSwiftPackageReference "firebase-ios-sdk" */ = {
			isa = XCRemoteSwiftPackageReference;
			repositoryURL = "https://github.com/firebase/firebase-ios-sdk";
			requirement = {
				branch = master;
				kind = branch;
			};
		};
		20A8A81429D5F1E40074B8CF /* XCRemoteSwiftPackageReference "SDWebImage" */ = {
			isa = XCRemoteSwiftPackageReference;
			repositoryURL = "https://github.com/SDWebImage/SDWebImage";
			requirement = {
				kind = upToNextMajorVersion;
				minimumVersion = 5.0.0;
			};
		};
		20A8A81729D5F26B0074B8CF /* XCRemoteSwiftPackageReference "JGProgressHUD" */ = {
			isa = XCRemoteSwiftPackageReference;
			repositoryURL = "https://github.com/JonasGessner/JGProgressHUD";
			requirement = {
				kind = upToNextMajorVersion;
				minimumVersion = 2.0.0;
			};
		};
/* End XCRemoteSwiftPackageReference section */

/* Begin XCSwiftPackageProductDependency section */
		20A8A80E29D5F0480074B8CF /* FirebaseAuth */ = {
			isa = XCSwiftPackageProductDependency;
			package = 20A8A80D29D5F0480074B8CF /* XCRemoteSwiftPackageReference "firebase-ios-sdk" */;
			productName = FirebaseAuth;
		};
		20A8A81029D5F0480074B8CF /* FirebaseFirestore */ = {
			isa = XCSwiftPackageProductDependency;
			package = 20A8A80D29D5F0480074B8CF /* XCRemoteSwiftPackageReference "firebase-ios-sdk" */;
			productName = FirebaseFirestore;
		};
		20A8A81229D5F0480074B8CF /* FirebaseStorage */ = {
			isa = XCSwiftPackageProductDependency;
			package = 20A8A80D29D5F0480074B8CF /* XCRemoteSwiftPackageReference "firebase-ios-sdk" */;
			productName = FirebaseStorage;
		};
		20A8A81529D5F1E40074B8CF /* SDWebImage */ = {
			isa = XCSwiftPackageProductDependency;
			package = 20A8A81429D5F1E40074B8CF /* XCRemoteSwiftPackageReference "SDWebImage" */;
			productName = SDWebImage;
		};
		20A8A81829D5F26B0074B8CF /* JGProgressHUD */ = {
			isa = XCSwiftPackageProductDependency;
			package = 20A8A81729D5F26B0074B8CF /* XCRemoteSwiftPackageReference "JGProgressHUD" */;
			productName = JGProgressHUD;
		};
/* End XCSwiftPackageProductDependency section */
	};
	rootObject = 2004A20129CFE65A00008069 /* Project object */;
}
